
Microsoft Visual Studio Solution File, Format Version 12.00
# Visual Studio Version 17
VisualStudioVersion = 17.3.32728.150
MinimumVisualStudioVersion = 10.0.40219.1
Project("{FAE04EC0-301F-11D3-BF4B-00C04F79EFBC}") = "OnBehalfOfAuth", "OnBehalfOfAuth\OnBehalfOfAuth.csproj", "{3470328B-81B4-407D-94B3-A9D8CE0F5ADE}"
EndProject
Global
	GlobalSection(SolutionConfigurationPlatforms) = preSolution
		Debug|Any CPU = Debug|Any CPU
		Release|Any CPU = Release|Any CPU
	EndGlobalSection
	GlobalSection(ProjectConfigurationPlatforms) = postSolution
		{3470328B-81B4-407D-94B3-A9D8CE0F5ADE}.Debug|Any CPU.ActiveCfg = Debug|Any CPU
		{3470328B-81B4-407D-94B3-A9D8CE0F5ADE}.Debug|Any CPU.Build.0 = Debug|Any CPU
		{3470328B-81B4-407D-94B3-A9D8CE0F5ADE}.Release|Any CPU.ActiveCfg = Release|Any CPU
		{3470328B-81B4-407D-94B3-A9D8CE0F5ADE}.Release|Any CPU.Build.0 = Release|Any CPU
	EndGlobalSection
	GlobalSection(SolutionProperties) = preSolution
		HideSolutionNode = FALSE
	EndGlobalSection
	GlobalSection(ExtensibilityGlobals) = postSolution
		SolutionGuid = {C788DC96-5087-44EA-9A12-A501341ECD44}
	EndGlobalSection
EndGlobal
